<?xml version="1.0" encoding="utf-8"?>
<Project ToolsVersion="4.0" xmlns="http://schemas.microsoft.com/developer/msbuild/2003">
  <ItemGroup>
    <Filter Include="Archivos de origen">
      <UniqueIdentifier>{4FC737F1-C7A5-4376-A066-2A32D752A2FF}</UniqueIdentifier>
      <Extensions>cpp;c;cc;cxx;c++;cppm;ixx;def;odl;idl;hpj;bat;asm;asmx</Extensions>
    </Filter>
    <Filter Include="Archivos de encabezado">
      <UniqueIdentifier>{93995380-89BD-4b04-88EB-625FBE52EBFB}</UniqueIdentifier>
      <Extensions>h;hh;hpp;hxx;h++;hm;inl;inc;ipp;xsd</Extensions>
    </Filter>
    <Filter Include="Archivos de recursos">
      <UniqueIdentifier>{67DA6AB6-F800-4c08-8B7A-83BB121AAD01}</UniqueIdentifier>
      <Extensions>rc;ico;cur;bmp;dlg;rc2;rct;bin;rgs;gif;jpg;jpeg;jpe;resx;tiff;tif;png;wav;mfcribbon-ms</Extensions>
    </Filter>
    <Filter Include="Archivos de encabezado\Piezas">
      <UniqueIdentifier>{5f8dc327-37ea-4924-9154-1aeb3b054a32}</UniqueIdentifier>
    </Filter>
    <Filter Include="Archivos de origen\Piezas">
      <UniqueIdentifier>{d4793cc0-7308-473d-835b-082eb8edf376}</UniqueIdentifier>
    </Filter>
  </ItemGroup>
  <ItemGroup>
    <ClCompile Include="src\Principal.cpp">
      <Filter>Archivos de origen</Filter>
    </ClCompile>
    <ClCompile Include="src\Mundo.cpp">
      <Filter>Archivos de origen</Filter>
    </ClCompile>
    <ClCompile Include="src\Tablero.cpp">
      <Filter>Archivos de origen</Filter>
    </ClCompile>
    <ClCompile Include="src\pieza.cpp">
      <Filter>Archivos de origen</Filter>
    </ClCompile>
    <ClCompile Include="src\brocha.cpp">
      <Filter>Archivos de origen</Filter>
    </ClCompile>
    <ClCompile Include="src\alfil.cpp">
      <Filter>Archivos de origen\Piezas</Filter>
    </ClCompile>
    <ClCompile Include="src\caballo.cpp">
      <Filter>Archivos de origen\Piezas</Filter>
    </ClCompile>
    <ClCompile Include="src\dama.cpp">
      <Filter>Archivos de origen\Piezas</Filter>
    </ClCompile>
    <ClCompile Include="src\peon.cpp">
      <Filter>Archivos de origen\Piezas</Filter>
    </ClCompile>
    <ClCompile Include="src\rey.cpp">
      <Filter>Archivos de origen\Piezas</Filter>
    </ClCompile>
    <ClCompile Include="src\torre.cpp">
      <Filter>Archivos de origen\Piezas</Filter>
    </ClCompile>
    <ClCompile Include="src\GestorEstados.cpp">
      <Filter>Archivos de origen</Filter>
    </ClCompile>
  </ItemGroup>
  <ItemGroup>
    <ClInclude Include="src\Mundo.h">
      <Filter>Archivos de encabezado</Filter>
    </ClInclude>
    <ClInclude Include="src\Tablero.h">
      <Filter>Archivos de encabezado</Filter>
    </ClInclude>
    <ClInclude Include="src\pieza.h">
      <Filter>Archivos de encabezado</Filter>
    </ClInclude>
    <ClInclude Include="src\propiedades.h">
      <Filter>Archivos de encabezado</Filter>
    </ClInclude>
    <ClInclude Include="src\brocha.h">
      <Filter>Archivos de encabezado</Filter>
    </ClInclude>
    <ClInclude Include="src\alfil.h">
      <Filter>Archivos de encabezado\Piezas</Filter>
    </ClInclude>
    <ClInclude Include="src\caballo.h">
      <Filter>Archivos de encabezado\Piezas</Filter>
    </ClInclude>
    <ClInclude Include="src\dama.h">
      <Filter>Archivos de encabezado\Piezas</Filter>
    </ClInclude>
    <ClInclude Include="src\peon.h">
      <Filter>Archivos de encabezado\Piezas</Filter>
    </ClInclude>
    <ClInclude Include="src\rey.h">
      <Filter>Archivos de encabezado\Piezas</Filter>
    </ClInclude>
    <ClInclude Include="src\torre.h">
      <Filter>Archivos de encabezado\Piezas</Filter>
    </ClInclude>
    <ClInclude Include="src\GestorEstados.h">
      <Filter>Archivos de encabezado</Filter>
    </ClInclude>
  </ItemGroup>
</Project>